
Microsoft Visual Studio Solution File, Format Version 12.00
# Visual Studio Version 17
VisualStudioVersion = 17.0.31903.59
MinimumVisualStudioVersion = 10.0.40219.1
Project("{FAE04EC0-301F-11D3-BF4B-00C04F79EFBC}") = "SortAlgorithms", "SortAlgorithms\SortAlgorithms.csproj", "{7E622765-AB57-4FD9-8BDF-05A8B2CDCAE6}"
EndProject
Project("{FAE04EC0-301F-11D3-BF4B-00C04F79EFBC}") = "BinaryTree", "BinaryTree\BinaryTree.csproj", "{88042299-DD34-4D9C-990F-7D6E3EA80826}"
EndProject
Global
	GlobalSection(SolutionConfigurationPlatforms) = preSolution
		Debug|Any CPU = Debug|Any CPU
		Release|Any CPU = Release|Any CPU
	EndGlobalSection
	GlobalSection(SolutionProperties) = preSolution
		HideSolutionNode = FALSE
	EndGlobalSection
	GlobalSection(ProjectConfigurationPlatforms) = postSolution
		{7E622765-AB57-4FD9-8BDF-05A8B2CDCAE6}.Debug|Any CPU.ActiveCfg = Debug|Any CPU
		{7E622765-AB57-4FD9-8BDF-05A8B2CDCAE6}.Debug|Any CPU.Build.0 = Debug|Any CPU
		{7E622765-AB57-4FD9-8BDF-05A8B2CDCAE6}.Release|Any CPU.ActiveCfg = Release|Any CPU
		{7E622765-AB57-4FD9-8BDF-05A8B2CDCAE6}.Release|Any CPU.Build.0 = Release|Any CPU
		{88042299-DD34-4D9C-990F-7D6E3EA80826}.Debug|Any CPU.ActiveCfg = Debug|Any CPU
		{88042299-DD34-4D9C-990F-7D6E3EA80826}.Debug|Any CPU.Build.0 = Debug|Any CPU
		{88042299-DD34-4D9C-990F-7D6E3EA80826}.Release|Any CPU.ActiveCfg = Release|Any CPU
		{88042299-DD34-4D9C-990F-7D6E3EA80826}.Release|Any CPU.Build.0 = Release|Any CPU
	EndGlobalSection
EndGlobal
